
Microsoft Visual Studio Solution File, Format Version 12.00
# Visual Studio 2013
VisualStudioVersion = 12.0.31101.0
MinimumVisualStudioVersion = 10.0.40219.1
Project("{FAE04EC0-301F-11D3-BF4B-00C04F79EFBC}") = "Day2Lab10p2", "Day2Lab10p2.csproj", "{37BBEB6E-AAB5-4D7B-8B76-42E8EFACF2BF}"
EndProject
Global
	GlobalSection(SolutionConfigurationPlatforms) = preSolution
		Debug|Any CPU = Debug|Any CPU
		Release|Any CPU = Release|Any CPU
	EndGlobalSection
	GlobalSection(ProjectConfigurationPlatforms) = postSolution
		{37BBEB6E-AAB5-4D7B-8B76-42E8EFACF2BF}.Debug|Any CPU.ActiveCfg = Debug|Any CPU
		{37BBEB6E-AAB5-4D7B-8B76-42E8EFACF2BF}.Debug|Any CPU.Build.0 = Debug|Any CPU
		{37BBEB6E-AAB5-4D7B-8B76-42E8EFACF2BF}.Release|Any CPU.ActiveCfg = Release|Any CPU
		{37BBEB6E-AAB5-4D7B-8B76-42E8EFACF2BF}.Release|Any CPU.Build.0 = Release|Any CPU
	EndGlobalSection
	GlobalSection(SolutionProperties) = preSolution
		HideSolutionNode = FALSE
	EndGlobalSection
EndGlobal
