
Microsoft Visual Studio Solution File, Format Version 12.00
# Visual Studio 2013
VisualStudioVersion = 12.0.31101.0
MinimumVisualStudioVersion = 10.0.40219.1
Project("{FAE04EC0-301F-11D3-BF4B-00C04F79EFBC}") = "BDayClowns.Presentation.Web", "BDayClowns.Presentation.Web\BDayClowns.Presentation.Web.csproj", "{79E92C7C-CC0B-42A9-94FB-6747AAD58F1F}"
EndProject
Project("{2150E333-8FDC-42A3-9474-1A3956D46DE8}") = "Presentation", "Presentation", "{9BE9332D-95C2-41A7-BF02-700BEFE6B76D}"
EndProject
Project("{2150E333-8FDC-42A3-9474-1A3956D46DE8}") = "Domain", "Domain", "{7C959D58-8D86-4BB5-9811-2CE77CE31FB1}"
EndProject
Project("{2150E333-8FDC-42A3-9474-1A3956D46DE8}") = "Infrastructure", "Infrastructure", "{7A657E86-6234-4410-B250-4AB608F9C7C9}"
EndProject
Project("{2150E333-8FDC-42A3-9474-1A3956D46DE8}") = "Services", "Services", "{DA84235A-3D66-4AB0-A982-66892EAEB2C8}"
EndProject
Project("{FAE04EC0-301F-11D3-BF4B-00C04F79EFBC}") = "BDayClowns.Domain", "BDayClowns.Domain\BDayClowns.Domain.csproj", "{720BEA08-1665-4AA7-A4A4-FA330712E3BA}"
EndProject
Project("{FAE04EC0-301F-11D3-BF4B-00C04F79EFBC}") = "BDayClowns.Infrastructure.Persistence", "BDayClowns.Infrastructure.Persistence\BDayClowns.Infrastructure.Persistence.csproj", "{1229D9F8-E8B3-4BD6-874F-1543031B1D84}"
EndProject
Project("{FAE04EC0-301F-11D3-BF4B-00C04F79EFBC}") = "BDayClowns.Services", "BDayClowns.Services\BDayClowns.Services.csproj", "{EDA5F2C2-560E-4585-BAB8-4853E6230774}"
EndProject
Global
	GlobalSection(SolutionConfigurationPlatforms) = preSolution
		Debug|Any CPU = Debug|Any CPU
		Release|Any CPU = Release|Any CPU
	EndGlobalSection
	GlobalSection(ProjectConfigurationPlatforms) = postSolution
		{79E92C7C-CC0B-42A9-94FB-6747AAD58F1F}.Debug|Any CPU.ActiveCfg = Debug|Any CPU
		{79E92C7C-CC0B-42A9-94FB-6747AAD58F1F}.Debug|Any CPU.Build.0 = Debug|Any CPU
		{79E92C7C-CC0B-42A9-94FB-6747AAD58F1F}.Release|Any CPU.ActiveCfg = Release|Any CPU
		{79E92C7C-CC0B-42A9-94FB-6747AAD58F1F}.Release|Any CPU.Build.0 = Release|Any CPU
		{720BEA08-1665-4AA7-A4A4-FA330712E3BA}.Debug|Any CPU.ActiveCfg = Debug|Any CPU
		{720BEA08-1665-4AA7-A4A4-FA330712E3BA}.Debug|Any CPU.Build.0 = Debug|Any CPU
		{720BEA08-1665-4AA7-A4A4-FA330712E3BA}.Release|Any CPU.ActiveCfg = Release|Any CPU
		{720BEA08-1665-4AA7-A4A4-FA330712E3BA}.Release|Any CPU.Build.0 = Release|Any CPU
		{1229D9F8-E8B3-4BD6-874F-1543031B1D84}.Debug|Any CPU.ActiveCfg = Debug|Any CPU
		{1229D9F8-E8B3-4BD6-874F-1543031B1D84}.Debug|Any CPU.Build.0 = Debug|Any CPU
		{1229D9F8-E8B3-4BD6-874F-1543031B1D84}.Release|Any CPU.ActiveCfg = Release|Any CPU
		{1229D9F8-E8B3-4BD6-874F-1543031B1D84}.Release|Any CPU.Build.0 = Release|Any CPU
		{EDA5F2C2-560E-4585-BAB8-4853E6230774}.Debug|Any CPU.ActiveCfg = Debug|Any CPU
		{EDA5F2C2-560E-4585-BAB8-4853E6230774}.Debug|Any CPU.Build.0 = Debug|Any CPU
		{EDA5F2C2-560E-4585-BAB8-4853E6230774}.Release|Any CPU.ActiveCfg = Release|Any CPU
		{EDA5F2C2-560E-4585-BAB8-4853E6230774}.Release|Any CPU.Build.0 = Release|Any CPU
	EndGlobalSection
	GlobalSection(SolutionProperties) = preSolution
		HideSolutionNode = FALSE
	EndGlobalSection
	GlobalSection(NestedProjects) = preSolution
		{79E92C7C-CC0B-42A9-94FB-6747AAD58F1F} = {9BE9332D-95C2-41A7-BF02-700BEFE6B76D}
		{720BEA08-1665-4AA7-A4A4-FA330712E3BA} = {7C959D58-8D86-4BB5-9811-2CE77CE31FB1}
		{1229D9F8-E8B3-4BD6-874F-1543031B1D84} = {7A657E86-6234-4410-B250-4AB608F9C7C9}
		{EDA5F2C2-560E-4585-BAB8-4853E6230774} = {DA84235A-3D66-4AB0-A982-66892EAEB2C8}
	EndGlobalSection
EndGlobal
