
Microsoft Visual Studio Solution File, Format Version 12.00
# Visual Studio 2013
VisualStudioVersion = 12.0.31101.0
MinimumVisualStudioVersion = 10.0.40219.1
Project("{FAE04EC0-301F-11D3-BF4B-00C04F79EFBC}") = "TeamMVC", "TeamsMVC\TeamMVC.csproj", "{57D70143-4239-4E16-A1FC-2CD64EF5118F}"
EndProject
Project("{FAE04EC0-301F-11D3-BF4B-00C04F79EFBC}") = "TeamMVC.Data.Models", "..\TeamMVC.Data.Models\TeamMVC.Data.Models.csproj", "{56B737F4-374B-489C-B969-82CDB7CC4B21}"
EndProject
Project("{FAE04EC0-301F-11D3-BF4B-00C04F79EFBC}") = "TeamMVC.Data", "TeamMVC.Data\TeamMVC.Data.csproj", "{3AA5375A-4A75-4D1B-A790-ECD6D25BC17D}"
EndProject
Global
	GlobalSection(SolutionConfigurationPlatforms) = preSolution
		Debug|Any CPU = Debug|Any CPU
		Release|Any CPU = Release|Any CPU
	EndGlobalSection
	GlobalSection(ProjectConfigurationPlatforms) = postSolution
		{57D70143-4239-4E16-A1FC-2CD64EF5118F}.Debug|Any CPU.ActiveCfg = Debug|Any CPU
		{57D70143-4239-4E16-A1FC-2CD64EF5118F}.Debug|Any CPU.Build.0 = Debug|Any CPU
		{57D70143-4239-4E16-A1FC-2CD64EF5118F}.Release|Any CPU.ActiveCfg = Release|Any CPU
		{57D70143-4239-4E16-A1FC-2CD64EF5118F}.Release|Any CPU.Build.0 = Release|Any CPU
		{56B737F4-374B-489C-B969-82CDB7CC4B21}.Debug|Any CPU.ActiveCfg = Debug|Any CPU
		{56B737F4-374B-489C-B969-82CDB7CC4B21}.Debug|Any CPU.Build.0 = Debug|Any CPU
		{56B737F4-374B-489C-B969-82CDB7CC4B21}.Release|Any CPU.ActiveCfg = Release|Any CPU
		{56B737F4-374B-489C-B969-82CDB7CC4B21}.Release|Any CPU.Build.0 = Release|Any CPU
		{3AA5375A-4A75-4D1B-A790-ECD6D25BC17D}.Debug|Any CPU.ActiveCfg = Debug|Any CPU
		{3AA5375A-4A75-4D1B-A790-ECD6D25BC17D}.Debug|Any CPU.Build.0 = Debug|Any CPU
		{3AA5375A-4A75-4D1B-A790-ECD6D25BC17D}.Release|Any CPU.ActiveCfg = Release|Any CPU
		{3AA5375A-4A75-4D1B-A790-ECD6D25BC17D}.Release|Any CPU.Build.0 = Release|Any CPU
	EndGlobalSection
	GlobalSection(SolutionProperties) = preSolution
		HideSolutionNode = FALSE
	EndGlobalSection
EndGlobal
