
Microsoft Visual Studio Solution File, Format Version 12.00
# Visual Studio 2013
VisualStudioVersion = 12.0.31101.0
MinimumVisualStudioVersion = 10.0.40219.1
Project("{2150E333-8FDC-42A3-9474-1A3956D46DE8}") = "Save the Humans", "Save the Humans", "{832CA89B-F0A9-4D65-920C-88776150B8C1}"
EndProject
Project("{D954291E-2A0B-460D-934E-DC6B0785DB48}") = "Save the Humans.Shared", "Save the Humans\Save the Humans.Shared\Save the Humans.Shared.shproj", "{7CDE13A9-0493-4029-B3AC-B5016EEF2313}"
EndProject
Project("{FAE04EC0-301F-11D3-BF4B-00C04F79EFBC}") = "Save the Humans.Windows", "Save the Humans\Save the Humans.Windows\Save the Humans.Windows.csproj", "{02B6D390-3AFB-4C0E-89F8-E8426C26C9B7}"
EndProject
Project("{FAE04EC0-301F-11D3-BF4B-00C04F79EFBC}") = "Save the Humans.WindowsPhone", "Save the Humans\Save the Humans.WindowsPhone\Save the Humans.WindowsPhone.csproj", "{C73793C2-3E30-47A0-B784-87C67499BFA3}"
EndProject
Global
	GlobalSection(SharedMSBuildProjectFiles) = preSolution
		Save the Humans\Save the Humans.Shared\Save the Humans.Shared.projitems*{7cde13a9-0493-4029-b3ac-b5016eef2313}*SharedItemsImports = 13
		Save the Humans\Save the Humans.Shared\Save the Humans.Shared.projitems*{02b6d390-3afb-4c0e-89f8-e8426c26c9b7}*SharedItemsImports = 4
		Save the Humans\Save the Humans.Shared\Save the Humans.Shared.projitems*{c73793c2-3e30-47a0-b784-87c67499bfa3}*SharedItemsImports = 4
	EndGlobalSection
	GlobalSection(SolutionConfigurationPlatforms) = preSolution
		Debug|Any CPU = Debug|Any CPU
		Debug|ARM = Debug|ARM
		Debug|x64 = Debug|x64
		Debug|x86 = Debug|x86
		Release|Any CPU = Release|Any CPU
		Release|ARM = Release|ARM
		Release|x64 = Release|x64
		Release|x86 = Release|x86
	EndGlobalSection
	GlobalSection(ProjectConfigurationPlatforms) = postSolution
		{02B6D390-3AFB-4C0E-89F8-E8426C26C9B7}.Debug|Any CPU.ActiveCfg = Debug|Any CPU
		{02B6D390-3AFB-4C0E-89F8-E8426C26C9B7}.Debug|Any CPU.Build.0 = Debug|Any CPU
		{02B6D390-3AFB-4C0E-89F8-E8426C26C9B7}.Debug|Any CPU.Deploy.0 = Debug|Any CPU
		{02B6D390-3AFB-4C0E-89F8-E8426C26C9B7}.Debug|ARM.ActiveCfg = Debug|ARM
		{02B6D390-3AFB-4C0E-89F8-E8426C26C9B7}.Debug|ARM.Build.0 = Debug|ARM
		{02B6D390-3AFB-4C0E-89F8-E8426C26C9B7}.Debug|ARM.Deploy.0 = Debug|ARM
		{02B6D390-3AFB-4C0E-89F8-E8426C26C9B7}.Debug|x64.ActiveCfg = Debug|x64
		{02B6D390-3AFB-4C0E-89F8-E8426C26C9B7}.Debug|x64.Build.0 = Debug|x64
		{02B6D390-3AFB-4C0E-89F8-E8426C26C9B7}.Debug|x64.Deploy.0 = Debug|x64
		{02B6D390-3AFB-4C0E-89F8-E8426C26C9B7}.Debug|x86.ActiveCfg = Debug|x86
		{02B6D390-3AFB-4C0E-89F8-E8426C26C9B7}.Debug|x86.Build.0 = Debug|x86
		{02B6D390-3AFB-4C0E-89F8-E8426C26C9B7}.Debug|x86.Deploy.0 = Debug|x86
		{02B6D390-3AFB-4C0E-89F8-E8426C26C9B7}.Release|Any CPU.ActiveCfg = Release|Any CPU
		{02B6D390-3AFB-4C0E-89F8-E8426C26C9B7}.Release|Any CPU.Build.0 = Release|Any CPU
		{02B6D390-3AFB-4C0E-89F8-E8426C26C9B7}.Release|Any CPU.Deploy.0 = Release|Any CPU
		{02B6D390-3AFB-4C0E-89F8-E8426C26C9B7}.Release|ARM.ActiveCfg = Release|ARM
		{02B6D390-3AFB-4C0E-89F8-E8426C26C9B7}.Release|ARM.Build.0 = Release|ARM
		{02B6D390-3AFB-4C0E-89F8-E8426C26C9B7}.Release|ARM.Deploy.0 = Release|ARM
		{02B6D390-3AFB-4C0E-89F8-E8426C26C9B7}.Release|x64.ActiveCfg = Release|x64
		{02B6D390-3AFB-4C0E-89F8-E8426C26C9B7}.Release|x64.Build.0 = Release|x64
		{02B6D390-3AFB-4C0E-89F8-E8426C26C9B7}.Release|x64.Deploy.0 = Release|x64
		{02B6D390-3AFB-4C0E-89F8-E8426C26C9B7}.Release|x86.ActiveCfg = Release|x86
		{02B6D390-3AFB-4C0E-89F8-E8426C26C9B7}.Release|x86.Build.0 = Release|x86
		{02B6D390-3AFB-4C0E-89F8-E8426C26C9B7}.Release|x86.Deploy.0 = Release|x86
		{C73793C2-3E30-47A0-B784-87C67499BFA3}.Debug|Any CPU.ActiveCfg = Debug|Any CPU
		{C73793C2-3E30-47A0-B784-87C67499BFA3}.Debug|Any CPU.Build.0 = Debug|Any CPU
		{C73793C2-3E30-47A0-B784-87C67499BFA3}.Debug|Any CPU.Deploy.0 = Debug|Any CPU
		{C73793C2-3E30-47A0-B784-87C67499BFA3}.Debug|ARM.ActiveCfg = Debug|ARM
		{C73793C2-3E30-47A0-B784-87C67499BFA3}.Debug|ARM.Build.0 = Debug|ARM
		{C73793C2-3E30-47A0-B784-87C67499BFA3}.Debug|ARM.Deploy.0 = Debug|ARM
		{C73793C2-3E30-47A0-B784-87C67499BFA3}.Debug|x64.ActiveCfg = Debug|Any CPU
		{C73793C2-3E30-47A0-B784-87C67499BFA3}.Debug|x86.ActiveCfg = Debug|x86
		{C73793C2-3E30-47A0-B784-87C67499BFA3}.Debug|x86.Build.0 = Debug|x86
		{C73793C2-3E30-47A0-B784-87C67499BFA3}.Debug|x86.Deploy.0 = Debug|x86
		{C73793C2-3E30-47A0-B784-87C67499BFA3}.Release|Any CPU.ActiveCfg = Release|Any CPU
		{C73793C2-3E30-47A0-B784-87C67499BFA3}.Release|Any CPU.Build.0 = Release|Any CPU
		{C73793C2-3E30-47A0-B784-87C67499BFA3}.Release|Any CPU.Deploy.0 = Release|Any CPU
		{C73793C2-3E30-47A0-B784-87C67499BFA3}.Release|ARM.ActiveCfg = Release|ARM
		{C73793C2-3E30-47A0-B784-87C67499BFA3}.Release|ARM.Build.0 = Release|ARM
		{C73793C2-3E30-47A0-B784-87C67499BFA3}.Release|ARM.Deploy.0 = Release|ARM
		{C73793C2-3E30-47A0-B784-87C67499BFA3}.Release|x64.ActiveCfg = Release|Any CPU
		{C73793C2-3E30-47A0-B784-87C67499BFA3}.Release|x86.ActiveCfg = Release|x86
		{C73793C2-3E30-47A0-B784-87C67499BFA3}.Release|x86.Build.0 = Release|x86
		{C73793C2-3E30-47A0-B784-87C67499BFA3}.Release|x86.Deploy.0 = Release|x86
	EndGlobalSection
	GlobalSection(SolutionProperties) = preSolution
		HideSolutionNode = FALSE
	EndGlobalSection
	GlobalSection(NestedProjects) = preSolution
		{7CDE13A9-0493-4029-B3AC-B5016EEF2313} = {832CA89B-F0A9-4D65-920C-88776150B8C1}
		{02B6D390-3AFB-4C0E-89F8-E8426C26C9B7} = {832CA89B-F0A9-4D65-920C-88776150B8C1}
		{C73793C2-3E30-47A0-B784-87C67499BFA3} = {832CA89B-F0A9-4D65-920C-88776150B8C1}
	EndGlobalSection
EndGlobal
